
Microsoft Visual Studio Solution File, Format Version 12.00
# Visual Studio 2013
VisualStudioVersion = 12.0.21005.1
MinimumVisualStudioVersion = 10.0.40219.1
Project("{8BC9CEB8-8B4A-11D0-8D11-00A0C91BC942}") = "LearnOpenGL", "LearnOpenGL\LearnOpenGL.vcxproj", "{3C2DADE7-78BC-4467-A609-AD754AF33C58}"
EndProject
Project("{8BC9CEB8-8B4A-11D0-8D11-00A0C91BC942}") = "HelloWindow", "HelloWindow\HelloWindow.vcxproj", "{76EE7699-83A2-48B1-B090-F06520229789}"
EndProject
Project("{8BC9CEB8-8B4A-11D0-8D11-00A0C91BC942}") = "HelloMutilAppTest", "HelloMutilAppTest\HelloMutilAppTest.vcxproj", "{5DB25381-2A7F-4551-973B-95BB6FA40B93}"
EndProject
Project("{8BC9CEB8-8B4A-11D0-8D11-00A0C91BC942}") = "HelloTriangle", "HelloTriangle\HelloTriangle.vcxproj", "{2D9C4954-72AB-4353-8108-3A9DC673E301}"
EndProject
Project("{8BC9CEB8-8B4A-11D0-8D11-00A0C91BC942}") = "HelloShader", "HelloShader\HelloShader.vcxproj", "{D8DE7ED2-5911-4602-9B49-157975DAF97D}"
EndProject
Project("{8BC9CEB8-8B4A-11D0-8D11-00A0C91BC942}") = "HelloTexture", "HelloTexture\HelloTexture.vcxproj", "{D7427C81-C47A-49FA-9ADB-CD414B96FF60}"
EndProject
Project("{8BC9CEB8-8B4A-11D0-8D11-00A0C91BC942}") = "HelloTransform", "HelloTransform\HelloTransform.vcxproj", "{8C972C0C-4835-47D6-9A3A-A6F9C358F01E}"
EndProject
Project("{8BC9CEB8-8B4A-11D0-8D11-00A0C91BC942}") = "HelloCamera", "HelloCamera\HelloCamera.vcxproj", "{E3979D18-55B9-4421-8361-42218DCD9090}"
EndProject
Project("{8BC9CEB8-8B4A-11D0-8D11-00A0C91BC942}") = "HelloText", "HelloText\HelloText.vcxproj", "{22651F48-52A7-443E-B59E-6BBE22014897}"
EndProject
Project("{8BC9CEB8-8B4A-11D0-8D11-00A0C91BC942}") = "HelloDepth", "HelloDepth\HelloDepth.vcxproj", "{FE7BBD37-11CC-4C57-8FF7-993EEFAAFAA0}"
EndProject
Project("{8BC9CEB8-8B4A-11D0-8D11-00A0C91BC942}") = "HelloTestCell", "HelloTestCell\HelloTestCell.vcxproj", "{EDBDA57E-B226-42BD-9D38-B369E26709B0}"
EndProject
Project("{8BC9CEB8-8B4A-11D0-8D11-00A0C91BC942}") = "HelloNativeWindow", "HelloNativeWindow\HelloNativeWindow.vcxproj", "{95D890D6-C74F-4476-B194-0A07DB53C757}"
EndProject
Project("{8BC9CEB8-8B4A-11D0-8D11-00A0C91BC942}") = "HelloLight", "HelloLight\HelloLight.vcxproj", "{236199AD-C4CA-45D1-A0D6-07FB94917496}"
EndProject
Project("{8BC9CEB8-8B4A-11D0-8D11-00A0C91BC942}") = "HelloSampleLight", "HelloSampleLight\HelloSampleLight.vcxproj", "{9D92BD33-6F64-4337-BDCD-741B96EB3725}"
EndProject
Project("{8BC9CEB8-8B4A-11D0-8D11-00A0C91BC942}") = "HelloLightModel", "HelloLightModel\HelloLightModel.vcxproj", "{27B47AE5-7862-4F48-8856-6EE58E74DC6F}"
EndProject
Project("{8BC9CEB8-8B4A-11D0-8D11-00A0C91BC942}") = "HelloMaterialModel", "HelloMaterialModel\HelloMaterialModel.vcxproj", "{1A679D9D-EBA8-422B-9C23-D64F64A7FDC2}"
EndProject
Project("{8BC9CEB8-8B4A-11D0-8D11-00A0C91BC942}") = "HelloLightMap", "HelloLightMap\HelloLightMap.vcxproj", "{76535DBC-01E6-40E0-A8EC-7DBEACC3F82F}"
EndProject
Project("{8BC9CEB8-8B4A-11D0-8D11-00A0C91BC942}") = "HelloLightCaster", "HelloLightCaster\HelloLightCaster.vcxproj", "{A41EAE6C-5D6A-4140-A545-065340C63BF7}"
EndProject
Project("{8BC9CEB8-8B4A-11D0-8D11-00A0C91BC942}") = "HelloMutilLights", "HelloMutilLights\HelloMutilLights.vcxproj", "{3BF72C1E-D0F1-437D-8380-01D8AC989986}"
EndProject
Global
	GlobalSection(SolutionConfigurationPlatforms) = preSolution
		Debug|Win32 = Debug|Win32
		Release|Win32 = Release|Win32
	EndGlobalSection
	GlobalSection(ProjectConfigurationPlatforms) = postSolution
		{3C2DADE7-78BC-4467-A609-AD754AF33C58}.Debug|Win32.ActiveCfg = Debug|Win32
		{3C2DADE7-78BC-4467-A609-AD754AF33C58}.Debug|Win32.Build.0 = Debug|Win32
		{3C2DADE7-78BC-4467-A609-AD754AF33C58}.Release|Win32.ActiveCfg = Release|Win32
		{3C2DADE7-78BC-4467-A609-AD754AF33C58}.Release|Win32.Build.0 = Release|Win32
		{76EE7699-83A2-48B1-B090-F06520229789}.Debug|Win32.ActiveCfg = Debug|Win32
		{76EE7699-83A2-48B1-B090-F06520229789}.Debug|Win32.Build.0 = Debug|Win32
		{76EE7699-83A2-48B1-B090-F06520229789}.Release|Win32.ActiveCfg = Release|Win32
		{76EE7699-83A2-48B1-B090-F06520229789}.Release|Win32.Build.0 = Release|Win32
		{5DB25381-2A7F-4551-973B-95BB6FA40B93}.Debug|Win32.ActiveCfg = Debug|Win32
		{5DB25381-2A7F-4551-973B-95BB6FA40B93}.Debug|Win32.Build.0 = Debug|Win32
		{5DB25381-2A7F-4551-973B-95BB6FA40B93}.Release|Win32.ActiveCfg = Release|Win32
		{5DB25381-2A7F-4551-973B-95BB6FA40B93}.Release|Win32.Build.0 = Release|Win32
		{2D9C4954-72AB-4353-8108-3A9DC673E301}.Debug|Win32.ActiveCfg = Debug|Win32
		{2D9C4954-72AB-4353-8108-3A9DC673E301}.Debug|Win32.Build.0 = Debug|Win32
		{2D9C4954-72AB-4353-8108-3A9DC673E301}.Release|Win32.ActiveCfg = Release|Win32
		{2D9C4954-72AB-4353-8108-3A9DC673E301}.Release|Win32.Build.0 = Release|Win32
		{D8DE7ED2-5911-4602-9B49-157975DAF97D}.Debug|Win32.ActiveCfg = Debug|Win32
		{D8DE7ED2-5911-4602-9B49-157975DAF97D}.Debug|Win32.Build.0 = Debug|Win32
		{D8DE7ED2-5911-4602-9B49-157975DAF97D}.Release|Win32.ActiveCfg = Release|Win32
		{D8DE7ED2-5911-4602-9B49-157975DAF97D}.Release|Win32.Build.0 = Release|Win32
		{D7427C81-C47A-49FA-9ADB-CD414B96FF60}.Debug|Win32.ActiveCfg = Debug|Win32
		{D7427C81-C47A-49FA-9ADB-CD414B96FF60}.Debug|Win32.Build.0 = Debug|Win32
		{D7427C81-C47A-49FA-9ADB-CD414B96FF60}.Release|Win32.ActiveCfg = Release|Win32
		{D7427C81-C47A-49FA-9ADB-CD414B96FF60}.Release|Win32.Build.0 = Release|Win32
		{8C972C0C-4835-47D6-9A3A-A6F9C358F01E}.Debug|Win32.ActiveCfg = Debug|Win32
		{8C972C0C-4835-47D6-9A3A-A6F9C358F01E}.Debug|Win32.Build.0 = Debug|Win32
		{8C972C0C-4835-47D6-9A3A-A6F9C358F01E}.Release|Win32.ActiveCfg = Release|Win32
		{8C972C0C-4835-47D6-9A3A-A6F9C358F01E}.Release|Win32.Build.0 = Release|Win32
		{E3979D18-55B9-4421-8361-42218DCD9090}.Debug|Win32.ActiveCfg = Debug|Win32
		{E3979D18-55B9-4421-8361-42218DCD9090}.Debug|Win32.Build.0 = Debug|Win32
		{E3979D18-55B9-4421-8361-42218DCD9090}.Release|Win32.ActiveCfg = Release|Win32
		{E3979D18-55B9-4421-8361-42218DCD9090}.Release|Win32.Build.0 = Release|Win32
		{22651F48-52A7-443E-B59E-6BBE22014897}.Debug|Win32.ActiveCfg = Debug|Win32
		{22651F48-52A7-443E-B59E-6BBE22014897}.Debug|Win32.Build.0 = Debug|Win32
		{22651F48-52A7-443E-B59E-6BBE22014897}.Release|Win32.ActiveCfg = Release|Win32
		{22651F48-52A7-443E-B59E-6BBE22014897}.Release|Win32.Build.0 = Release|Win32
		{FE7BBD37-11CC-4C57-8FF7-993EEFAAFAA0}.Debug|Win32.ActiveCfg = Debug|Win32
		{FE7BBD37-11CC-4C57-8FF7-993EEFAAFAA0}.Debug|Win32.Build.0 = Debug|Win32
		{FE7BBD37-11CC-4C57-8FF7-993EEFAAFAA0}.Release|Win32.ActiveCfg = Release|Win32
		{FE7BBD37-11CC-4C57-8FF7-993EEFAAFAA0}.Release|Win32.Build.0 = Release|Win32
		{EDBDA57E-B226-42BD-9D38-B369E26709B0}.Debug|Win32.ActiveCfg = Debug|Win32
		{EDBDA57E-B226-42BD-9D38-B369E26709B0}.Debug|Win32.Build.0 = Debug|Win32
		{EDBDA57E-B226-42BD-9D38-B369E26709B0}.Release|Win32.ActiveCfg = Release|Win32
		{EDBDA57E-B226-42BD-9D38-B369E26709B0}.Release|Win32.Build.0 = Release|Win32
		{95D890D6-C74F-4476-B194-0A07DB53C757}.Debug|Win32.ActiveCfg = Debug|Win32
		{95D890D6-C74F-4476-B194-0A07DB53C757}.Debug|Win32.Build.0 = Debug|Win32
		{95D890D6-C74F-4476-B194-0A07DB53C757}.Release|Win32.ActiveCfg = Release|Win32
		{95D890D6-C74F-4476-B194-0A07DB53C757}.Release|Win32.Build.0 = Release|Win32
		{236199AD-C4CA-45D1-A0D6-07FB94917496}.Debug|Win32.ActiveCfg = Debug|Win32
		{236199AD-C4CA-45D1-A0D6-07FB94917496}.Debug|Win32.Build.0 = Debug|Win32
		{236199AD-C4CA-45D1-A0D6-07FB94917496}.Release|Win32.ActiveCfg = Release|Win32
		{236199AD-C4CA-45D1-A0D6-07FB94917496}.Release|Win32.Build.0 = Release|Win32
		{9D92BD33-6F64-4337-BDCD-741B96EB3725}.Debug|Win32.ActiveCfg = Debug|Win32
		{9D92BD33-6F64-4337-BDCD-741B96EB3725}.Debug|Win32.Build.0 = Debug|Win32
		{9D92BD33-6F64-4337-BDCD-741B96EB3725}.Release|Win32.ActiveCfg = Release|Win32
		{9D92BD33-6F64-4337-BDCD-741B96EB3725}.Release|Win32.Build.0 = Release|Win32
		{27B47AE5-7862-4F48-8856-6EE58E74DC6F}.Debug|Win32.ActiveCfg = Debug|Win32
		{27B47AE5-7862-4F48-8856-6EE58E74DC6F}.Debug|Win32.Build.0 = Debug|Win32
		{27B47AE5-7862-4F48-8856-6EE58E74DC6F}.Release|Win32.ActiveCfg = Release|Win32
		{27B47AE5-7862-4F48-8856-6EE58E74DC6F}.Release|Win32.Build.0 = Release|Win32
		{1A679D9D-EBA8-422B-9C23-D64F64A7FDC2}.Debug|Win32.ActiveCfg = Debug|Win32
		{1A679D9D-EBA8-422B-9C23-D64F64A7FDC2}.Debug|Win32.Build.0 = Debug|Win32
		{1A679D9D-EBA8-422B-9C23-D64F64A7FDC2}.Release|Win32.ActiveCfg = Release|Win32
		{1A679D9D-EBA8-422B-9C23-D64F64A7FDC2}.Release|Win32.Build.0 = Release|Win32
		{76535DBC-01E6-40E0-A8EC-7DBEACC3F82F}.Debug|Win32.ActiveCfg = Debug|Win32
		{76535DBC-01E6-40E0-A8EC-7DBEACC3F82F}.Debug|Win32.Build.0 = Debug|Win32
		{76535DBC-01E6-40E0-A8EC-7DBEACC3F82F}.Release|Win32.ActiveCfg = Release|Win32
		{76535DBC-01E6-40E0-A8EC-7DBEACC3F82F}.Release|Win32.Build.0 = Release|Win32
		{A41EAE6C-5D6A-4140-A545-065340C63BF7}.Debug|Win32.ActiveCfg = Debug|Win32
		{A41EAE6C-5D6A-4140-A545-065340C63BF7}.Debug|Win32.Build.0 = Debug|Win32
		{A41EAE6C-5D6A-4140-A545-065340C63BF7}.Release|Win32.ActiveCfg = Release|Win32
		{A41EAE6C-5D6A-4140-A545-065340C63BF7}.Release|Win32.Build.0 = Release|Win32
		{3BF72C1E-D0F1-437D-8380-01D8AC989986}.Debug|Win32.ActiveCfg = Debug|Win32
		{3BF72C1E-D0F1-437D-8380-01D8AC989986}.Debug|Win32.Build.0 = Debug|Win32
		{3BF72C1E-D0F1-437D-8380-01D8AC989986}.Release|Win32.ActiveCfg = Release|Win32
		{3BF72C1E-D0F1-437D-8380-01D8AC989986}.Release|Win32.Build.0 = Release|Win32
	EndGlobalSection
	GlobalSection(SolutionProperties) = preSolution
		HideSolutionNode = FALSE
	EndGlobalSection
EndGlobal
